
Microsoft Visual Studio Solution File, Format Version 12.00
# Visual Studio 15
VisualStudioVersion = 15.0.28010.2016
MinimumVisualStudioVersion = 10.0.40219.1
Project("{FAE04EC0-301F-11D3-BF4B-00C04F79EFBC}") = "PropertyGroupDescriptionCustomSort", "PropertyGroupDescriptionCustomSort\PropertyGroupDescriptionCustomSort.csproj", "{D9A93429-BBA9-40E0-82C5-6EC2920B8FAC}"
EndProject
Global
	GlobalSection(SolutionConfigurationPlatforms) = preSolution
		Debug|Any CPU = Debug|Any CPU
		Release|Any CPU = Release|Any CPU
	EndGlobalSection
	GlobalSection(ProjectConfigurationPlatforms) = postSolution
		{D9A93429-BBA9-40E0-82C5-6EC2920B8FAC}.Debug|Any CPU.ActiveCfg = Debug|Any CPU
		{D9A93429-BBA9-40E0-82C5-6EC2920B8FAC}.Debug|Any CPU.Build.0 = Debug|Any CPU
		{D9A93429-BBA9-40E0-82C5-6EC2920B8FAC}.Release|Any CPU.ActiveCfg = Release|Any CPU
		{D9A93429-BBA9-40E0-82C5-6EC2920B8FAC}.Release|Any CPU.Build.0 = Release|Any CPU
	EndGlobalSection
	GlobalSection(SolutionProperties) = preSolution
		HideSolutionNode = FALSE
	EndGlobalSection
	GlobalSection(ExtensibilityGlobals) = postSolution
		SolutionGuid = {562E3178-BA9B-42BE-A158-0DEA4AA5197E}
	EndGlobalSection
EndGlobal
